
Microsoft Visual Studio Solution File, Format Version 12.00
# Visual Studio Version 16
VisualStudioVersion = 16.0.31702.278
MinimumVisualStudioVersion = 10.0.40219.1
Project("{FAE04EC0-301F-11D3-BF4B-00C04F79EFBC}") = "EmployeeWageUC4", "EmployeeWageUC4\EmployeeWageUC4.csproj", "{B43E2A73-47F3-4E86-B824-483D4DD0104A}"
EndProject
Global
	GlobalSection(SolutionConfigurationPlatforms) = preSolution
		Debug|Any CPU = Debug|Any CPU
		Release|Any CPU = Release|Any CPU
	EndGlobalSection
	GlobalSection(ProjectConfigurationPlatforms) = postSolution
		{B43E2A73-47F3-4E86-B824-483D4DD0104A}.Debug|Any CPU.ActiveCfg = Debug|Any CPU
		{B43E2A73-47F3-4E86-B824-483D4DD0104A}.Debug|Any CPU.Build.0 = Debug|Any CPU
		{B43E2A73-47F3-4E86-B824-483D4DD0104A}.Release|Any CPU.ActiveCfg = Release|Any CPU
		{B43E2A73-47F3-4E86-B824-483D4DD0104A}.Release|Any CPU.Build.0 = Release|Any CPU
	EndGlobalSection
	GlobalSection(SolutionProperties) = preSolution
		HideSolutionNode = FALSE
	EndGlobalSection
	GlobalSection(ExtensibilityGlobals) = postSolution
		SolutionGuid = {96362DFB-BE10-48B8-BE84-2669FD4B64CD}
	EndGlobalSection
EndGlobal
